# This file was autogenerated by Stack.
# You should not edit this file by hand.
# For more information, please see the documentation at:
#   https://docs.haskellstack.org/en/stable/topics/lock_files

packages:
- completed:
    hackage: quickcheck-string-random-0.1.4.4@sha256:22cd180b1a63ac837e9800535246451831ae122161244b5ddeebf9ccef2c8119,1428
    pantry-tree:
      sha256: a9c6b1e47dffd57bc540bcd707c632068687b382ac3c39e8ec0d3d80ac9dec43
      size: 321
  original:
    hackage: quickcheck-string-random-0.1.4.4
- completed:
    hackage: string-random-0.1.4.5@sha256:d48f9594f533103cedc0170ade2e02f00050b2f685135573a565d455d4d7dc5a,2144
    pantry-tree:
      sha256: 83149f110ae14996bbcaf301efb8504e75bfb312788015db2b65d23b03b4f8d5
      size: 489
  original:
    hackage: string-random-0.1.4.5
snapshots:
- completed:
    sha256: a3501d1b61a539371d85305fe73e1134fc08e7c97498a42952455f011fd97ecf
    size: 684278
    url: https://raw.githubusercontent.com/commercialhaskell/stackage-snapshots/master/lts/23/25.yaml
  original:
    url: https://raw.githubusercontent.com/commercialhaskell/stackage-snapshots/master/lts/23/25.yaml
